// !$*UTF8*$!
{
	archiveVersion = 1;
	classes = {
	};
	objectVersion = 51;
	objects = {

/* Begin PBXBuildFile section */
		70045621240920350021CB3A /* AddEventViewController.swift in Sources */ = {isa = PBXBuildFile; fileRef = 70045620240920350021CB3A /* AddEventViewController.swift */; };
		70160849240AB76B00DA127A /* UIEffects.swift in Sources */ = {isa = PBXBuildFile; fileRef = 70160848240AB76B00DA127A /* UIEffects.swift */; };
		7016084B240ACECC00DA127A /* UploadType.swift in Sources */ = {isa = PBXBuildFile; fileRef = 7016084A240ACECC00DA127A /* UploadType.swift */; };
		70310BD42402D08C004C81ED /* NEButton.swift in Sources */ = {isa = PBXBuildFile; fileRef = 70310BD32402D08C004C81ED /* NEButton.swift */; };
		70310BD62402D097004C81ED /* NETextField.swift in Sources */ = {isa = PBXBuildFile; fileRef = 70310BD52402D097004C81ED /* NETextField.swift */; };
		704BE49C2409A202007D1570 /* logo-banner.png in Resources */ = {isa = PBXBuildFile; fileRef = 704BE49B2409A202007D1570 /* logo-banner.png */; };
		70575EC72402E8EC005264E5 /* SignInViewController.swift in Sources */ = {isa = PBXBuildFile; fileRef = 70575EC62402E8EC005264E5 /* SignInViewController.swift */; };
		70575EC92402ED37005264E5 /* SignUpViewController.swift in Sources */ = {isa = PBXBuildFile; fileRef = 70575EC82402ED37005264E5 /* SignUpViewController.swift */; };
		70575ECB2402F54C005264E5 /* NECustomSwipButton.swift in Sources */ = {isa = PBXBuildFile; fileRef = 70575ECA2402F54C005264E5 /* NECustomSwipButton.swift */; };
		70575ECD2402F9E6005264E5 /* ResetPasswordViewController.swift in Sources */ = {isa = PBXBuildFile; fileRef = 70575ECC2402F9E6005264E5 /* ResetPasswordViewController.swift */; };
		70575ECF24030690005264E5 /* BioMetricsBlockedViewController.swift in Sources */ = {isa = PBXBuildFile; fileRef = 70575ECE24030690005264E5 /* BioMetricsBlockedViewController.swift */; };
		706A22792408DF1D0079E9D0 /* Events.storyboard in Resources */ = {isa = PBXBuildFile; fileRef = 706A22782408DF1D0079E9D0 /* Events.storyboard */; };
		706A227B2408DF5D0079E9D0 /* Profile.storyboard in Resources */ = {isa = PBXBuildFile; fileRef = 706A227A2408DF5D0079E9D0 /* Profile.storyboard */; };
		706A227F2408E18A0079E9D0 /* MyEventHeaderCell.swift in Sources */ = {isa = PBXBuildFile; fileRef = 706A227E2408E18A0079E9D0 /* MyEventHeaderCell.swift */; };
		706A22812408E1990079E9D0 /* MyEventBodyCell.swift in Sources */ = {isa = PBXBuildFile; fileRef = 706A22802408E1990079E9D0 /* MyEventBodyCell.swift */; };
		706A22852408F7DC0079E9D0 /* ProfileEditViewController.swift in Sources */ = {isa = PBXBuildFile; fileRef = 706A22842408F7DC0079E9D0 /* ProfileEditViewController.swift */; };
		7072CCA0240370FE004F0A58 /* TransitionManager.swift in Sources */ = {isa = PBXBuildFile; fileRef = 7072CC9F240370FE004F0A58 /* TransitionManager.swift */; };
		7072CCA224039F96004F0A58 /* AuthManager.swift in Sources */ = {isa = PBXBuildFile; fileRef = 7072CCA124039F96004F0A58 /* AuthManager.swift */; };
		7072CCA62403A06F004F0A58 /* NotificationManager.swift in Sources */ = {isa = PBXBuildFile; fileRef = 7072CCA52403A06F004F0A58 /* NotificationManager.swift */; };
		7072CCA82403A31D004F0A58 /* Home.storyboard in Resources */ = {isa = PBXBuildFile; fileRef = 7072CCA72403A31D004F0A58 /* Home.storyboard */; };
		7072CCAC2403A652004F0A58 /* HomeTableViewController.swift in Sources */ = {isa = PBXBuildFile; fileRef = 7072CCAB2403A652004F0A58 /* HomeTableViewController.swift */; };
		7072CCAE2403A9DE004F0A58 /* DatabaseManager.swift in Sources */ = {isa = PBXBuildFile; fileRef = 7072CCAD2403A9DE004F0A58 /* DatabaseManager.swift */; };
		7072CCB3240416E2004F0A58 /* FieldValidator.swift in Sources */ = {isa = PBXBuildFile; fileRef = 7072CCB2240416E2004F0A58 /* FieldValidator.swift */; };
		7072CCB62405964C004F0A58 /* EventsTableViewController.swift in Sources */ = {isa = PBXBuildFile; fileRef = 7072CCB52405964C004F0A58 /* EventsTableViewController.swift */; };
		7072CCB82405965E004F0A58 /* ProfileViewController.swift in Sources */ = {isa = PBXBuildFile; fileRef = 7072CCB72405965E004F0A58 /* ProfileViewController.swift */; };
		709B0A0C23FF8C6500488BD2 /* AppDelegate.swift in Sources */ = {isa = PBXBuildFile; fileRef = 709B0A0B23FF8C6500488BD2 /* AppDelegate.swift */; };
		709B0A0E23FF8C6500488BD2 /* InitialViewController.swift in Sources */ = {isa = PBXBuildFile; fileRef = 709B0A0D23FF8C6500488BD2 /* InitialViewController.swift */; };
		709B0A1123FF8C6500488BD2 /* Auth.storyboard in Resources */ = {isa = PBXBuildFile; fileRef = 709B0A0F23FF8C6500488BD2 /* Auth.storyboard */; };
		709B0A1423FF8C6500488BD2 /* nibm_events.xcdatamodeld in Sources */ = {isa = PBXBuildFile; fileRef = 709B0A1223FF8C6500488BD2 /* nibm_events.xcdatamodeld */; };
		709B0A1623FF8C6700488BD2 /* Assets.xcassets in Resources */ = {isa = PBXBuildFile; fileRef = 709B0A1523FF8C6700488BD2 /* Assets.xcassets */; };
		709B0A1923FF8C6700488BD2 /* LaunchScreen.storyboard in Resources */ = {isa = PBXBuildFile; fileRef = 709B0A1723FF8C6700488BD2 /* LaunchScreen.storyboard */; };
		709B0A2423FF8C6700488BD2 /* nibm_eventsTests.swift in Sources */ = {isa = PBXBuildFile; fileRef = 709B0A2323FF8C6700488BD2 /* nibm_eventsTests.swift */; };
		709B0A2F23FF8C6700488BD2 /* nibm_eventsUITests.swift in Sources */ = {isa = PBXBuildFile; fileRef = 709B0A2E23FF8C6700488BD2 /* nibm_eventsUITests.swift */; };
		709B0A4223FF8E0900488BD2 /* DevConfig.xcconfig in Resources */ = {isa = PBXBuildFile; fileRef = 709B0A4123FF8E0900488BD2 /* DevConfig.xcconfig */; };
		709B0A4423FF8E1E00488BD2 /* QAConfig.xcconfig in Resources */ = {isa = PBXBuildFile; fileRef = 709B0A4323FF8E1E00488BD2 /* QAConfig.xcconfig */; };
		709B0A4623FF8E2C00488BD2 /* ProdConfig.xcconfig in Resources */ = {isa = PBXBuildFile; fileRef = 709B0A4523FF8E2C00488BD2 /* ProdConfig.xcconfig */; };
		709BD479240673A20032E739 /* UserProfile.swift in Sources */ = {isa = PBXBuildFile; fileRef = 709BD478240673A20032E739 /* UserProfile.swift */; };
		709BD47B240673AF0032E739 /* Event.swift in Sources */ = {isa = PBXBuildFile; fileRef = 709BD47A240673AF0032E739 /* Event.swift */; };
		709BD47D240674AB0032E739 /* EventHeaderCell.swift in Sources */ = {isa = PBXBuildFile; fileRef = 709BD47C240674AB0032E739 /* EventHeaderCell.swift */; };
		709BD47F240674BF0032E739 /* EventBodyCell.swift in Sources */ = {isa = PBXBuildFile; fileRef = 709BD47E240674BF0032E739 /* EventBodyCell.swift */; };
		70A4BE95240B69A8005A9C55 /* Publisher.swift in Sources */ = {isa = PBXBuildFile; fileRef = 70A4BE94240B69A8005A9C55 /* Publisher.swift */; };
		70A4BE97240B7EED005A9C55 /* PublisherProfileViewController.swift in Sources */ = {isa = PBXBuildFile; fileRef = 70A4BE96240B7EED005A9C55 /* PublisherProfileViewController.swift */; };
		70A4BE99240B9198005A9C55 /* EditEventViewController.swift in Sources */ = {isa = PBXBuildFile; fileRef = 70A4BE98240B9198005A9C55 /* EditEventViewController.swift */; };
		70A4BE9D240BDE66005A9C55 /* BioMetrics.storyboard in Resources */ = {isa = PBXBuildFile; fileRef = 70A4BE9C240BDE66005A9C55 /* BioMetrics.storyboard */; };
		70F2C5BC2407DF8600529625 /* GoogleService-Info.plist in Resources */ = {isa = PBXBuildFile; fileRef = 70F2C5BB2407DF8600529625 /* GoogleService-Info.plist */; };
		70F2C5BE2408074B00529625 /* DateExtension.swift in Sources */ = {isa = PBXBuildFile; fileRef = 70F2C5BD2408074B00529625 /* DateExtension.swift */; };
		70F2C5C02408286500529625 /* MainTabBarController.swift in Sources */ = {isa = PBXBuildFile; fileRef = 70F2C5BF2408286500529625 /* MainTabBarController.swift */; };
		70F2C5C62408359A00529625 /* NETextFieldExtension.swift in Sources */ = {isa = PBXBuildFile; fileRef = 70F2C5C52408359900529625 /* NETextFieldExtension.swift */; };
		8E16D696DBB5BFD4768E672D /* Pods_nibm_eventsTests.framework in Frameworks */ = {isa = PBXBuildFile; fileRef = 810E4929546A4A88D78DADA7 /* Pods_nibm_eventsTests.framework */; };
		A35A91BF243C080ED0DF8301 /* Pods_nibm_events_nibm_eventsUITests.framework in Frameworks */ = {isa = PBXBuildFile; fileRef = F5FA1788FC4524060EF55036 /* Pods_nibm_events_nibm_eventsUITests.framework */; };
		B0E0C1856CA098DB040AA252 /* Pods_nibm_events.framework in Frameworks */ = {isa = PBXBuildFile; fileRef = 1611CED0017842B8184DBD30 /* Pods_nibm_events.framework */; };
/* End PBXBuildFile section */

/* Begin PBXContainerItemProxy section */
		709B0A2023FF8C6700488BD2 /* PBXContainerItemProxy */ = {
			isa = PBXContainerItemProxy;
			containerPortal = 709B0A0023FF8C6500488BD2 /* Project object */;
			proxyType = 1;
			remoteGlobalIDString = 709B0A0723FF8C6500488BD2;
			remoteInfo = "nibm-events";
		};
		709B0A2B23FF8C6700488BD2 /* PBXContainerItemProxy */ = {
			isa = PBXContainerItemProxy;
			containerPortal = 709B0A0023FF8C6500488BD2 /* Project object */;
			proxyType = 1;
			remoteGlobalIDString = 709B0A0723FF8C6500488BD2;
			remoteInfo = "nibm-events";
		};
/* End PBXContainerItemProxy section */

/* Begin PBXFileReference section */
		0928C6F5CD4236654C686B67 /* Pods-nibm-events-nibm-eventsUITests.release.xcconfig */ = {isa = PBXFileReference; includeInIndex = 1; lastKnownFileType = text.xcconfig; name = "Pods-nibm-events-nibm-eventsUITests.release.xcconfig"; path = "Target Support Files/Pods-nibm-events-nibm-eventsUITests/Pods-nibm-events-nibm-eventsUITests.release.xcconfig"; sourceTree = "<group>"; };
		1611CED0017842B8184DBD30 /* Pods_nibm_events.framework */ = {isa = PBXFileReference; explicitFileType = wrapper.framework; includeInIndex = 0; path = Pods_nibm_events.framework; sourceTree = BUILT_PRODUCTS_DIR; };
		3C159EEF7623FB67A82CF313 /* Pods-nibm-events.release.xcconfig */ = {isa = PBXFileReference; includeInIndex = 1; lastKnownFileType = text.xcconfig; name = "Pods-nibm-events.release.xcconfig"; path = "Target Support Files/Pods-nibm-events/Pods-nibm-events.release.xcconfig"; sourceTree = "<group>"; };
		47655BC8589879414A1F3B4E /* Pods-nibm-events-nibm-eventsUITests.debug.xcconfig */ = {isa = PBXFileReference; includeInIndex = 1; lastKnownFileType = text.xcconfig; name = "Pods-nibm-events-nibm-eventsUITests.debug.xcconfig"; path = "Target Support Files/Pods-nibm-events-nibm-eventsUITests/Pods-nibm-events-nibm-eventsUITests.debug.xcconfig"; sourceTree = "<group>"; };
		48D40409A14E3927F8C55AD3 /* Pods-nibm-eventsTests.qa.xcconfig */ = {isa = PBXFileReference; includeInIndex = 1; lastKnownFileType = text.xcconfig; name = "Pods-nibm-eventsTests.qa.xcconfig"; path = "Target Support Files/Pods-nibm-eventsTests/Pods-nibm-eventsTests.qa.xcconfig"; sourceTree = "<group>"; };
		70045620240920350021CB3A /* AddEventViewController.swift */ = {isa = PBXFileReference; lastKnownFileType = sourcecode.swift; path = AddEventViewController.swift; sourceTree = "<group>"; };
		70160848240AB76B00DA127A /* UIEffects.swift */ = {isa = PBXFileReference; lastKnownFileType = sourcecode.swift; path = UIEffects.swift; sourceTree = "<group>"; };
		7016084A240ACECC00DA127A /* UploadType.swift */ = {isa = PBXFileReference; lastKnownFileType = sourcecode.swift; path = UploadType.swift; sourceTree = "<group>"; };
		70310BD32402D08C004C81ED /* NEButton.swift */ = {isa = PBXFileReference; lastKnownFileType = sourcecode.swift; path = NEButton.swift; sourceTree = "<group>"; };
		70310BD52402D097004C81ED /* NETextField.swift */ = {isa = PBXFileReference; lastKnownFileType = sourcecode.swift; path = NETextField.swift; sourceTree = "<group>"; };
		704BE49B2409A202007D1570 /* logo-banner.png */ = {isa = PBXFileReference; lastKnownFileType = image.png; path = "logo-banner.png"; sourceTree = "<group>"; };
		70575EC62402E8EC005264E5 /* SignInViewController.swift */ = {isa = PBXFileReference; lastKnownFileType = sourcecode.swift; path = SignInViewController.swift; sourceTree = "<group>"; };
		70575EC82402ED37005264E5 /* SignUpViewController.swift */ = {isa = PBXFileReference; lastKnownFileType = sourcecode.swift; path = SignUpViewController.swift; sourceTree = "<group>"; };
		70575ECA2402F54C005264E5 /* NECustomSwipButton.swift */ = {isa = PBXFileReference; lastKnownFileType = sourcecode.swift; path = NECustomSwipButton.swift; sourceTree = "<group>"; };
		70575ECC2402F9E6005264E5 /* ResetPasswordViewController.swift */ = {isa = PBXFileReference; lastKnownFileType = sourcecode.swift; path = ResetPasswordViewController.swift; sourceTree = "<group>"; };
		70575ECE24030690005264E5 /* BioMetricsBlockedViewController.swift */ = {isa = PBXFileReference; lastKnownFileType = sourcecode.swift; path = BioMetricsBlockedViewController.swift; sourceTree = "<group>"; };
		706A22782408DF1D0079E9D0 /* Events.storyboard */ = {isa = PBXFileReference; lastKnownFileType = file.storyboard; path = Events.storyboard; sourceTree = "<group>"; };
		706A227A2408DF5D0079E9D0 /* Profile.storyboard */ = {isa = PBXFileReference; lastKnownFileType = file.storyboard; path = Profile.storyboard; sourceTree = "<group>"; };
		706A227E2408E18A0079E9D0 /* MyEventHeaderCell.swift */ = {isa = PBXFileReference; lastKnownFileType = sourcecode.swift; path = MyEventHeaderCell.swift; sourceTree = "<group>"; };
		706A22802408E1990079E9D0 /* MyEventBodyCell.swift */ = {isa = PBXFileReference; lastKnownFileType = sourcecode.swift; path = MyEventBodyCell.swift; sourceTree = "<group>"; };
		706A22842408F7DC0079E9D0 /* ProfileEditViewController.swift */ = {isa = PBXFileReference; lastKnownFileType = sourcecode.swift; path = ProfileEditViewController.swift; sourceTree = "<group>"; };
		7072CC9F240370FE004F0A58 /* TransitionManager.swift */ = {isa = PBXFileReference; lastKnownFileType = sourcecode.swift; path = TransitionManager.swift; sourceTree = "<group>"; };
		7072CCA124039F96004F0A58 /* AuthManager.swift */ = {isa = PBXFileReference; lastKnownFileType = sourcecode.swift; path = AuthManager.swift; sourceTree = "<group>"; };
		7072CCA52403A06F004F0A58 /* NotificationManager.swift */ = {isa = PBXFileReference; lastKnownFileType = sourcecode.swift; path = NotificationManager.swift; sourceTree = "<group>"; };
		7072CCA72403A31D004F0A58 /* Home.storyboard */ = {isa = PBXFileReference; lastKnownFileType = file.storyboard; path = Home.storyboard; sourceTree = "<group>"; };
		7072CCAB2403A652004F0A58 /* HomeTableViewController.swift */ = {isa = PBXFileReference; lastKnownFileType = sourcecode.swift; path = HomeTableViewController.swift; sourceTree = "<group>"; };
		7072CCAD2403A9DE004F0A58 /* DatabaseManager.swift */ = {isa = PBXFileReference; lastKnownFileType = sourcecode.swift; path = DatabaseManager.swift; sourceTree = "<group>"; };
		7072CCB2240416E2004F0A58 /* FieldValidator.swift */ = {isa = PBXFileReference; lastKnownFileType = sourcecode.swift; path = FieldValidator.swift; sourceTree = "<group>"; };
		7072CCB52405964C004F0A58 /* EventsTableViewController.swift */ = {isa = PBXFileReference; lastKnownFileType = sourcecode.swift; path = EventsTableViewController.swift; sourceTree = "<group>"; };
		7072CCB72405965E004F0A58 /* ProfileViewController.swift */ = {isa = PBXFileReference; lastKnownFileType = sourcecode.swift; path = ProfileViewController.swift; sourceTree = "<group>"; };
		709B0A0823FF8C6500488BD2 /* NIBM Events-Dev.app */ = {isa = PBXFileReference; explicitFileType = wrapper.application; includeInIndex = 0; path = "NIBM Events-Dev.app"; sourceTree = BUILT_PRODUCTS_DIR; };
		709B0A0B23FF8C6500488BD2 /* AppDelegate.swift */ = {isa = PBXFileReference; lastKnownFileType = sourcecode.swift; path = AppDelegate.swift; sourceTree = "<group>"; };
		709B0A0D23FF8C6500488BD2 /* InitialViewController.swift */ = {isa = PBXFileReference; lastKnownFileType = sourcecode.swift; path = InitialViewController.swift; sourceTree = "<group>"; };
		709B0A1023FF8C6500488BD2 /* Base */ = {isa = PBXFileReference; lastKnownFileType = file.storyboard; name = Base; path = Base.lproj/Auth.storyboard; sourceTree = "<group>"; };
		709B0A1323FF8C6500488BD2 /* nibm_events.xcdatamodel */ = {isa = PBXFileReference; lastKnownFileType = wrapper.xcdatamodel; path = nibm_events.xcdatamodel; sourceTree = "<group>"; };
		709B0A1523FF8C6700488BD2 /* Assets.xcassets */ = {isa = PBXFileReference; lastKnownFileType = folder.assetcatalog; path = Assets.xcassets; sourceTree = "<group>"; };
		709B0A1823FF8C6700488BD2 /* Base */ = {isa = PBXFileReference; lastKnownFileType = file.storyboard; name = Base; path = Base.lproj/LaunchScreen.storyboard; sourceTree = "<group>"; };
		709B0A1A23FF8C6700488BD2 /* Info.plist */ = {isa = PBXFileReference; lastKnownFileType = text.plist.xml; path = Info.plist; sourceTree = "<group>"; };
		709B0A1F23FF8C6700488BD2 /* nibm-eventsTests.xctest */ = {isa = PBXFileReference; explicitFileType = wrapper.cfbundle; includeInIndex = 0; path = "nibm-eventsTests.xctest"; sourceTree = BUILT_PRODUCTS_DIR; };
		709B0A2323FF8C6700488BD2 /* nibm_eventsTests.swift */ = {isa = PBXFileReference; lastKnownFileType = sourcecode.swift; path = nibm_eventsTests.swift; sourceTree = "<group>"; };
		709B0A2523FF8C6700488BD2 /* Info.plist */ = {isa = PBXFileReference; lastKnownFileType = text.plist.xml; path = Info.plist; sourceTree = "<group>"; };
		709B0A2A23FF8C6700488BD2 /* nibm-eventsUITests.xctest */ = {isa = PBXFileReference; explicitFileType = wrapper.cfbundle; includeInIndex = 0; path = "nibm-eventsUITests.xctest"; sourceTree = BUILT_PRODUCTS_DIR; };
		709B0A2E23FF8C6700488BD2 /* nibm_eventsUITests.swift */ = {isa = PBXFileReference; lastKnownFileType = sourcecode.swift; path = nibm_eventsUITests.swift; sourceTree = "<group>"; };
		709B0A3023FF8C6700488BD2 /* Info.plist */ = {isa = PBXFileReference; lastKnownFileType = text.plist.xml; path = Info.plist; sourceTree = "<group>"; };
		709B0A4123FF8E0900488BD2 /* DevConfig.xcconfig */ = {isa = PBXFileReference; lastKnownFileType = text.xcconfig; path = DevConfig.xcconfig; sourceTree = "<group>"; };
		709B0A4323FF8E1E00488BD2 /* QAConfig.xcconfig */ = {isa = PBXFileReference; lastKnownFileType = text.xcconfig; path = QAConfig.xcconfig; sourceTree = "<group>"; };
		709B0A4523FF8E2C00488BD2 /* ProdConfig.xcconfig */ = {isa = PBXFileReference; lastKnownFileType = text.xcconfig; path = ProdConfig.xcconfig; sourceTree = "<group>"; };
		709BD478240673A20032E739 /* UserProfile.swift */ = {isa = PBXFileReference; lastKnownFileType = sourcecode.swift; path = UserProfile.swift; sourceTree = "<group>"; };
		709BD47A240673AF0032E739 /* Event.swift */ = {isa = PBXFileReference; lastKnownFileType = sourcecode.swift; path = Event.swift; sourceTree = "<group>"; };
		709BD47C240674AB0032E739 /* EventHeaderCell.swift */ = {isa = PBXFileReference; lastKnownFileType = sourcecode.swift; path = EventHeaderCell.swift; sourceTree = "<group>"; };
		709BD47E240674BF0032E739 /* EventBodyCell.swift */ = {isa = PBXFileReference; lastKnownFileType = sourcecode.swift; path = EventBodyCell.swift; sourceTree = "<group>"; };
		70A4BE94240B69A8005A9C55 /* Publisher.swift */ = {isa = PBXFileReference; lastKnownFileType = sourcecode.swift; path = Publisher.swift; sourceTree = "<group>"; };
		70A4BE96240B7EED005A9C55 /* PublisherProfileViewController.swift */ = {isa = PBXFileReference; lastKnownFileType = sourcecode.swift; path = PublisherProfileViewController.swift; sourceTree = "<group>"; };
		70A4BE98240B9198005A9C55 /* EditEventViewController.swift */ = {isa = PBXFileReference; lastKnownFileType = sourcecode.swift; path = EditEventViewController.swift; sourceTree = "<group>"; };
		70A4BE9C240BDE66005A9C55 /* BioMetrics.storyboard */ = {isa = PBXFileReference; lastKnownFileType = file.storyboard; path = BioMetrics.storyboard; sourceTree = "<group>"; };
		70F2C5BB2407DF8600529625 /* GoogleService-Info.plist */ = {isa = PBXFileReference; fileEncoding = 4; lastKnownFileType = text.plist.xml; path = "GoogleService-Info.plist"; sourceTree = "<group>"; };
		70F2C5BD2408074B00529625 /* DateExtension.swift */ = {isa = PBXFileReference; lastKnownFileType = sourcecode.swift; path = DateExtension.swift; sourceTree = "<group>"; };
		70F2C5BF2408286500529625 /* MainTabBarController.swift */ = {isa = PBXFileReference; lastKnownFileType = sourcecode.swift; path = MainTabBarController.swift; sourceTree = "<group>"; };
		70F2C5C52408359900529625 /* NETextFieldExtension.swift */ = {isa = PBXFileReference; fileEncoding = 4; lastKnownFileType = sourcecode.swift; path = NETextFieldExtension.swift; sourceTree = "<group>"; };
		79D6193FF90C4688E4DE663F /* Pods-nibm-events.qa.xcconfig */ = {isa = PBXFileReference; includeInIndex = 1; lastKnownFileType = text.xcconfig; name = "Pods-nibm-events.qa.xcconfig"; path = "Target Support Files/Pods-nibm-events/Pods-nibm-events.qa.xcconfig"; sourceTree = "<group>"; };
		80A5530645EC4367DC18712F /* Pods-nibm-eventsTests.release.xcconfig */ = {isa = PBXFileReference; includeInIndex = 1; lastKnownFileType = text.xcconfig; name = "Pods-nibm-eventsTests.release.xcconfig"; path = "Target Support Files/Pods-nibm-eventsTests/Pods-nibm-eventsTests.release.xcconfig"; sourceTree = "<group>"; };
		810E4929546A4A88D78DADA7 /* Pods_nibm_eventsTests.framework */ = {isa = PBXFileReference; explicitFileType = wrapper.framework; includeInIndex = 0; path = Pods_nibm_eventsTests.framework; sourceTree = BUILT_PRODUCTS_DIR; };
		A2935335F486DEEEEF6400CE /* Pods-nibm-events-nibm-eventsUITests.qa.xcconfig */ = {isa = PBXFileReference; includeInIndex = 1; lastKnownFileType = text.xcconfig; name = "Pods-nibm-events-nibm-eventsUITests.qa.xcconfig"; path = "Target Support Files/Pods-nibm-events-nibm-eventsUITests/Pods-nibm-events-nibm-eventsUITests.qa.xcconfig"; sourceTree = "<group>"; };
		B0376DEFB021DEC0965E3A79 /* Pods-nibm-events.debug.xcconfig */ = {isa = PBXFileReference; includeInIndex = 1; lastKnownFileType = text.xcconfig; name = "Pods-nibm-events.debug.xcconfig"; path = "Target Support Files/Pods-nibm-events/Pods-nibm-events.debug.xcconfig"; sourceTree = "<group>"; };
		F5FA1788FC4524060EF55036 /* Pods_nibm_events_nibm_eventsUITests.framework */ = {isa = PBXFileReference; explicitFileType = wrapper.framework; includeInIndex = 0; path = Pods_nibm_events_nibm_eventsUITests.framework; sourceTree = BUILT_PRODUCTS_DIR; };
		F94120AD95B71A1C129B80ED /* Pods-nibm-eventsTests.debug.xcconfig */ = {isa = PBXFileReference; includeInIndex = 1; lastKnownFileType = text.xcconfig; name = "Pods-nibm-eventsTests.debug.xcconfig"; path = "Target Support Files/Pods-nibm-eventsTests/Pods-nibm-eventsTests.debug.xcconfig"; sourceTree = "<group>"; };
/* End PBXFileReference section */

/* Begin PBXFrameworksBuildPhase section */
		709B0A0523FF8C6500488BD2 /* Frameworks */ = {
			isa = PBXFrameworksBuildPhase;
			buildActionMask = 2147483647;
			files = (
				B0E0C1856CA098DB040AA252 /* Pods_nibm_events.framework in Frameworks */,
			);
			runOnlyForDeploymentPostprocessing = 0;
		};
		709B0A1C23FF8C6700488BD2 /* Frameworks */ = {
			isa = PBXFrameworksBuildPhase;
			buildActionMask = 2147483647;
			files = (
				8E16D696DBB5BFD4768E672D /* Pods_nibm_eventsTests.framework in Frameworks */,
			);
			runOnlyForDeploymentPostprocessing = 0;
		};
		709B0A2723FF8C6700488BD2 /* Frameworks */ = {
			isa = PBXFrameworksBuildPhase;
			buildActionMask = 2147483647;
			files = (
				A35A91BF243C080ED0DF8301 /* Pods_nibm_events_nibm_eventsUITests.framework in Frameworks */,
			);
			runOnlyForDeploymentPostprocessing = 0;
		};
/* End PBXFrameworksBuildPhase section */

/* Begin PBXGroup section */
		0E70258ABB003B3A4406862D /* Frameworks */ = {
			isa = PBXGroup;
			children = (
				1611CED0017842B8184DBD30 /* Pods_nibm_events.framework */,
				F5FA1788FC4524060EF55036 /* Pods_nibm_events_nibm_eventsUITests.framework */,
				810E4929546A4A88D78DADA7 /* Pods_nibm_eventsTests.framework */,
			);
			name = Frameworks;
			sourceTree = "<group>";
		};
		70310BCF2402D01A004C81ED /* views */ = {
			isa = PBXGroup;
			children = (
				70310BD12402D038004C81ED /* storyboards */,
				70310BD02402D031004C81ED /* custom */,
			);
			path = views;
			sourceTree = "<group>";
		};
		70310BD02402D031004C81ED /* custom */ = {
			isa = PBXGroup;
			children = (
				70310BD32402D08C004C81ED /* NEButton.swift */,
				70310BD52402D097004C81ED /* NETextField.swift */,
				70575ECA2402F54C005264E5 /* NECustomSwipButton.swift */,
				706A22822408E1A10079E9D0 /* home */,
				706A22832408E1AF0079E9D0 /* events */,
			);
			path = custom;
			sourceTree = "<group>";
		};
		70310BD12402D038004C81ED /* storyboards */ = {
			isa = PBXGroup;
			children = (
				709B0A0F23FF8C6500488BD2 /* Auth.storyboard */,
				7072CCA72403A31D004F0A58 /* Home.storyboard */,
				709B0A1723FF8C6700488BD2 /* LaunchScreen.storyboard */,
				706A22782408DF1D0079E9D0 /* Events.storyboard */,
				706A227A2408DF5D0079E9D0 /* Profile.storyboard */,
				70A4BE9C240BDE66005A9C55 /* BioMetrics.storyboard */,
			);
			path = storyboards;
			sourceTree = "<group>";
		};
		70310BD22402D047004C81ED /* controllers */ = {
			isa = PBXGroup;
			children = (
				709B0A0B23FF8C6500488BD2 /* AppDelegate.swift */,
				70F2C5BF2408286500529625 /* MainTabBarController.swift */,
				70A4BE9E240BE0EA005A9C55 /* shared */,
				706A227D2408E0E70079E9D0 /* profile */,
				706A227C2408E0E00079E9D0 /* events */,
				7072CCA92403A625004F0A58 /* auth */,
				7072CCAA2403A639004F0A58 /* home */,
			);
			path = controllers;
			sourceTree = "<group>";
		};
		704BE4982409A11D007D1570 /* assets */ = {
			isa = PBXGroup;
			children = (
				704BE49B2409A202007D1570 /* logo-banner.png */,
			);
			path = assets;
			sourceTree = "<group>";
		};
		70575EC32402E121005264E5 /* extensions */ = {
			isa = PBXGroup;
			children = (
				70F2C5BD2408074B00529625 /* DateExtension.swift */,
				70F2C5C52408359900529625 /* NETextFieldExtension.swift */,
			);
			path = extensions;
			sourceTree = "<group>";
		};
		706A227C2408E0E00079E9D0 /* events */ = {
			isa = PBXGroup;
			children = (
				7072CCB52405964C004F0A58 /* EventsTableViewController.swift */,
				70A4BE98240B9198005A9C55 /* EditEventViewController.swift */,
			);
			path = events;
			sourceTree = "<group>";
		};
		706A227D2408E0E70079E9D0 /* profile */ = {
			isa = PBXGroup;
			children = (
				7072CCB72405965E004F0A58 /* ProfileViewController.swift */,
				706A22842408F7DC0079E9D0 /* ProfileEditViewController.swift */,
			);
			path = profile;
			sourceTree = "<group>";
		};
		706A22822408E1A10079E9D0 /* home */ = {
			isa = PBXGroup;
			children = (
				709BD47C240674AB0032E739 /* EventHeaderCell.swift */,
				709BD47E240674BF0032E739 /* EventBodyCell.swift */,
			);
			path = home;
			sourceTree = "<group>";
		};
		706A22832408E1AF0079E9D0 /* events */ = {
			isa = PBXGroup;
			children = (
				706A227E2408E18A0079E9D0 /* MyEventHeaderCell.swift */,
				706A22802408E1990079E9D0 /* MyEventBodyCell.swift */,
			);
			path = events;
			sourceTree = "<group>";
		};
		7072CC9E240370A6004F0A58 /* managers */ = {
			isa = PBXGroup;
			children = (
				7072CC9F240370FE004F0A58 /* TransitionManager.swift */,
				7072CCA124039F96004F0A58 /* AuthManager.swift */,
				7072CCA52403A06F004F0A58 /* NotificationManager.swift */,
				7072CCAD2403A9DE004F0A58 /* DatabaseManager.swift */,
			);
			path = managers;
			sourceTree = "<group>";
		};
		7072CCA92403A625004F0A58 /* auth */ = {
			isa = PBXGroup;
			children = (
				709B0A0D23FF8C6500488BD2 /* InitialViewController.swift */,
				70575EC62402E8EC005264E5 /* SignInViewController.swift */,
				70575EC82402ED37005264E5 /* SignUpViewController.swift */,
				70575ECC2402F9E6005264E5 /* ResetPasswordViewController.swift */,
			);
			path = auth;
			sourceTree = "<group>";
		};
		7072CCAA2403A639004F0A58 /* home */ = {
			isa = PBXGroup;
			children = (
				7072CCAB2403A652004F0A58 /* HomeTableViewController.swift */,
				70045620240920350021CB3A /* AddEventViewController.swift */,
				70A4BE96240B7EED005A9C55 /* PublisherProfileViewController.swift */,
			);
			path = home;
			sourceTree = "<group>";
		};
		7072CCB1240416D0004F0A58 /* utilities */ = {
			isa = PBXGroup;
			children = (
				7072CCB2240416E2004F0A58 /* FieldValidator.swift */,
				70160848240AB76B00DA127A /* UIEffects.swift */,
			);
			path = utilities;
			sourceTree = "<group>";
		};
		709B09FF23FF8C6500488BD2 = {
			isa = PBXGroup;
			children = (
				704BE4982409A11D007D1570 /* assets */,
				709B0A0A23FF8C6500488BD2 /* nibm-events */,
				709B0A2223FF8C6700488BD2 /* nibm-eventsTests */,
				709B0A2D23FF8C6700488BD2 /* nibm-eventsUITests */,
				709B0A0923FF8C6500488BD2 /* Products */,
				FF5A668321F45836ACCC55EB /* Pods */,
				0E70258ABB003B3A4406862D /* Frameworks */,
			);
			sourceTree = "<group>";
		};
		709B0A0923FF8C6500488BD2 /* Products */ = {
			isa = PBXGroup;
			children = (
				709B0A0823FF8C6500488BD2 /* NIBM Events-Dev.app */,
				709B0A1F23FF8C6700488BD2 /* nibm-eventsTests.xctest */,
				709B0A2A23FF8C6700488BD2 /* nibm-eventsUITests.xctest */,
			);
			name = Products;
			sourceTree = "<group>";
		};
		709B0A0A23FF8C6500488BD2 /* nibm-events */ = {
			isa = PBXGroup;
			children = (
				709BD477240673900032E739 /* models */,
				7072CCB1240416D0004F0A58 /* utilities */,
				7072CC9E240370A6004F0A58 /* managers */,
				70575EC32402E121005264E5 /* extensions */,
				70310BD22402D047004C81ED /* controllers */,
				70310BCF2402D01A004C81ED /* views */,
				709B0A4023FF8DBC00488BD2 /* env-configs */,
				709B0A1523FF8C6700488BD2 /* Assets.xcassets */,
				709B0A4723FF92A000488BD2 /* supporting-files */,
				709B0A1223FF8C6500488BD2 /* nibm_events.xcdatamodeld */,
			);
			path = "nibm-events";
			sourceTree = "<group>";
		};
		709B0A2223FF8C6700488BD2 /* nibm-eventsTests */ = {
			isa = PBXGroup;
			children = (
				709B0A2323FF8C6700488BD2 /* nibm_eventsTests.swift */,
				709B0A2523FF8C6700488BD2 /* Info.plist */,
			);
			path = "nibm-eventsTests";
			sourceTree = "<group>";
		};
		709B0A2D23FF8C6700488BD2 /* nibm-eventsUITests */ = {
			isa = PBXGroup;
			children = (
				709B0A2E23FF8C6700488BD2 /* nibm_eventsUITests.swift */,
				709B0A3023FF8C6700488BD2 /* Info.plist */,
			);
			path = "nibm-eventsUITests";
			sourceTree = "<group>";
		};
		709B0A4023FF8DBC00488BD2 /* env-configs */ = {
			isa = PBXGroup;
			children = (
				709B0A4123FF8E0900488BD2 /* DevConfig.xcconfig */,
				709B0A4323FF8E1E00488BD2 /* QAConfig.xcconfig */,
				709B0A4523FF8E2C00488BD2 /* ProdConfig.xcconfig */,
			);
			path = "env-configs";
			sourceTree = "<group>";
		};
		709B0A4723FF92A000488BD2 /* supporting-files */ = {
			isa = PBXGroup;
			children = (
				709B0A1A23FF8C6700488BD2 /* Info.plist */,
				70F2C5BB2407DF8600529625 /* GoogleService-Info.plist */,
			);
			path = "supporting-files";
			sourceTree = "<group>";
		};
		709BD477240673900032E739 /* models */ = {
			isa = PBXGroup;
			children = (
				709BD478240673A20032E739 /* UserProfile.swift */,
				709BD47A240673AF0032E739 /* Event.swift */,
				7016084A240ACECC00DA127A /* UploadType.swift */,
				70A4BE94240B69A8005A9C55 /* Publisher.swift */,
			);
			path = models;
			sourceTree = "<group>";
		};
		70A4BE9E240BE0EA005A9C55 /* shared */ = {
			isa = PBXGroup;
			children = (
				70575ECE24030690005264E5 /* BioMetricsBlockedViewController.swift */,
			);
			path = shared;
			sourceTree = "<group>";
		};
		FF5A668321F45836ACCC55EB /* Pods */ = {
			isa = PBXGroup;
			children = (
				B0376DEFB021DEC0965E3A79 /* Pods-nibm-events.debug.xcconfig */,
				79D6193FF90C4688E4DE663F /* Pods-nibm-events.qa.xcconfig */,
				3C159EEF7623FB67A82CF313 /* Pods-nibm-events.release.xcconfig */,
				47655BC8589879414A1F3B4E /* Pods-nibm-events-nibm-eventsUITests.debug.xcconfig */,
				A2935335F486DEEEEF6400CE /* Pods-nibm-events-nibm-eventsUITests.qa.xcconfig */,
				0928C6F5CD4236654C686B67 /* Pods-nibm-events-nibm-eventsUITests.release.xcconfig */,
				F94120AD95B71A1C129B80ED /* Pods-nibm-eventsTests.debug.xcconfig */,
				48D40409A14E3927F8C55AD3 /* Pods-nibm-eventsTests.qa.xcconfig */,
				80A5530645EC4367DC18712F /* Pods-nibm-eventsTests.release.xcconfig */,
			);
			path = Pods;
			sourceTree = "<group>";
		};
/* End PBXGroup section */

/* Begin PBXNativeTarget section */
		709B0A0723FF8C6500488BD2 /* nibm-events */ = {
			isa = PBXNativeTarget;
			buildConfigurationList = 709B0A3323FF8C6700488BD2 /* Build configuration list for PBXNativeTarget "nibm-events" */;
			buildPhases = (
				88A6653F7F818DC1C92D3CC2 /* [CP] Check Pods Manifest.lock */,
				7072CCB42405014F004F0A58 /* ShellScript */,
				709B0A0423FF8C6500488BD2 /* Sources */,
				709B0A0523FF8C6500488BD2 /* Frameworks */,
				709B0A0623FF8C6500488BD2 /* Resources */,
				A6597C4DF09A55714C0019A3 /* [CP] Embed Pods Frameworks */,
			);
			buildRules = (
			);
			dependencies = (
			);
			name = "nibm-events";
			productName = "nibm-events";
			productReference = 709B0A0823FF8C6500488BD2 /* NIBM Events-Dev.app */;
			productType = "com.apple.product-type.application";
		};
		709B0A1E23FF8C6700488BD2 /* nibm-eventsTests */ = {
			isa = PBXNativeTarget;
			buildConfigurationList = 709B0A3623FF8C6700488BD2 /* Build configuration list for PBXNativeTarget "nibm-eventsTests" */;
			buildPhases = (
				F8DAF4674AF8A9686203E424 /* [CP] Check Pods Manifest.lock */,
				709B0A1B23FF8C6700488BD2 /* Sources */,
				709B0A1C23FF8C6700488BD2 /* Frameworks */,
				709B0A1D23FF8C6700488BD2 /* Resources */,
			);
			buildRules = (
			);
			dependencies = (
				709B0A2123FF8C6700488BD2 /* PBXTargetDependency */,
			);
			name = "nibm-eventsTests";
			productName = "nibm-eventsTests";
			productReference = 709B0A1F23FF8C6700488BD2 /* nibm-eventsTests.xctest */;
			productType = "com.apple.product-type.bundle.unit-test";
		};
		709B0A2923FF8C6700488BD2 /* nibm-eventsUITests */ = {
			isa = PBXNativeTarget;
			buildConfigurationList = 709B0A3923FF8C6700488BD2 /* Build configuration list for PBXNativeTarget "nibm-eventsUITests" */;
			buildPhases = (
				1258474FB71E0A839C99ABCE /* [CP] Check Pods Manifest.lock */,
				709B0A2623FF8C6700488BD2 /* Sources */,
				709B0A2723FF8C6700488BD2 /* Frameworks */,
				709B0A2823FF8C6700488BD2 /* Resources */,
				D6E07BEFD104039D2B010B1C /* [CP] Embed Pods Frameworks */,
			);
			buildRules = (
			);
			dependencies = (
				709B0A2C23FF8C6700488BD2 /* PBXTargetDependency */,
			);
			name = "nibm-eventsUITests";
			productName = "nibm-eventsUITests";
			productReference = 709B0A2A23FF8C6700488BD2 /* nibm-eventsUITests.xctest */;
			productType = "com.apple.product-type.bundle.ui-testing";
		};
/* End PBXNativeTarget section */

/* Begin PBXProject section */
		709B0A0023FF8C6500488BD2 /* Project object */ = {
			isa = PBXProject;
			attributes = {
				LastSwiftUpdateCheck = 1030;
				LastUpgradeCheck = 1030;
				ORGANIZATIONNAME = "Aravinda Rathnayake";
				TargetAttributes = {
					709B0A0723FF8C6500488BD2 = {
						CreatedOnToolsVersion = 10.3;
					};
					709B0A1E23FF8C6700488BD2 = {
						CreatedOnToolsVersion = 10.3;
						TestTargetID = 709B0A0723FF8C6500488BD2;
					};
					709B0A2923FF8C6700488BD2 = {
						CreatedOnToolsVersion = 10.3;
						TestTargetID = 709B0A0723FF8C6500488BD2;
					};
				};
			};
			buildConfigurationList = 709B0A0323FF8C6500488BD2 /* Build configuration list for PBXProject "nibm-events" */;
			compatibilityVersion = "Xcode 9.3";
			developmentRegion = en;
			hasScannedForEncodings = 0;
			knownRegions = (
				en,
				Base,
			);
			mainGroup = 709B09FF23FF8C6500488BD2;
			productRefGroup = 709B0A0923FF8C6500488BD2 /* Products */;
			projectDirPath = "";
			projectRoot = "";
			targets = (
				709B0A0723FF8C6500488BD2 /* nibm-events */,
				709B0A1E23FF8C6700488BD2 /* nibm-eventsTests */,
				709B0A2923FF8C6700488BD2 /* nibm-eventsUITests */,
			);
		};
/* End PBXProject section */

/* Begin PBXResourcesBuildPhase section */
		709B0A0623FF8C6500488BD2 /* Resources */ = {
			isa = PBXResourcesBuildPhase;
			buildActionMask = 2147483647;
			files = (
				709B0A1923FF8C6700488BD2 /* LaunchScreen.storyboard in Resources */,
				70F2C5BC2407DF8600529625 /* GoogleService-Info.plist in Resources */,
				706A227B2408DF5D0079E9D0 /* Profile.storyboard in Resources */,
				709B0A4623FF8E2C00488BD2 /* ProdConfig.xcconfig in Resources */,
				709B0A4423FF8E1E00488BD2 /* QAConfig.xcconfig in Resources */,
				709B0A1623FF8C6700488BD2 /* Assets.xcassets in Resources */,
				706A22792408DF1D0079E9D0 /* Events.storyboard in Resources */,
				709B0A4223FF8E0900488BD2 /* DevConfig.xcconfig in Resources */,
				709B0A1123FF8C6500488BD2 /* Auth.storyboard in Resources */,
				70A4BE9D240BDE66005A9C55 /* BioMetrics.storyboard in Resources */,
				704BE49C2409A202007D1570 /* logo-banner.png in Resources */,
				7072CCA82403A31D004F0A58 /* Home.storyboard in Resources */,
			);
			runOnlyForDeploymentPostprocessing = 0;
		};
		709B0A1D23FF8C6700488BD2 /* Resources */ = {
			isa = PBXResourcesBuildPhase;
			buildActionMask = 2147483647;
			files = (
			);
			runOnlyForDeploymentPostprocessing = 0;
		};
		709B0A2823FF8C6700488BD2 /* Resources */ = {
			isa = PBXResourcesBuildPhase;
			buildActionMask = 2147483647;
			files = (
			);
			runOnlyForDeploymentPostprocessing = 0;
		};
/* End PBXResourcesBuildPhase section */

/* Begin PBXShellScriptBuildPhase section */
		1258474FB71E0A839C99ABCE /* [CP] Check Pods Manifest.lock */ = {
			isa = PBXShellScriptBuildPhase;
			buildActionMask = 2147483647;
			files = (
			);
			inputFileListPaths = (
			);
			inputPaths = (
				"${PODS_PODFILE_DIR_PATH}/Podfile.lock",
				"${PODS_ROOT}/Manifest.lock",
			);
			name = "[CP] Check Pods Manifest.lock";
			outputFileListPaths = (
			);
			outputPaths = (
				"$(DERIVED_FILE_DIR)/Pods-nibm-events-nibm-eventsUITests-checkManifestLockResult.txt",
			);
			runOnlyForDeploymentPostprocessing = 0;
			shellPath = /bin/sh;
			shellScript = "diff \"${PODS_PODFILE_DIR_PATH}/Podfile.lock\" \"${PODS_ROOT}/Manifest.lock\" > /dev/null\nif [ $? != 0 ] ; then\n    # print error to STDERR\n    echo \"error: The sandbox is not in sync with the Podfile.lock. Run 'pod install' or update your CocoaPods installation.\" >&2\n    exit 1\nfi\n# This output is used by Xcode 'outputs' to avoid re-running this script phase.\necho \"SUCCESS\" > \"${SCRIPT_OUTPUT_FILE_0}\"\n";
			showEnvVarsInLog = 0;
		};
		7072CCB42405014F004F0A58 /* ShellScript */ = {
			isa = PBXShellScriptBuildPhase;
			buildActionMask = 2147483647;
			files = (
			);
			inputFileListPaths = (
			);
			inputPaths = (
			);
			outputFileListPaths = (
			);
			outputPaths = (
			);
			runOnlyForDeploymentPostprocessing = 0;
			shellPath = /bin/sh;
			shellScript = "\"${PODS_ROOT}/SwiftLint/swiftlint\"\n";
		};
		88A6653F7F818DC1C92D3CC2 /* [CP] Check Pods Manifest.lock */ = {
			isa = PBXShellScriptBuildPhase;
			buildActionMask = 2147483647;
			files = (
			);
			inputFileListPaths = (
			);
			inputPaths = (
				"${PODS_PODFILE_DIR_PATH}/Podfile.lock",
				"${PODS_ROOT}/Manifest.lock",
			);
			name = "[CP] Check Pods Manifest.lock";
			outputFileListPaths = (
			);
			outputPaths = (
				"$(DERIVED_FILE_DIR)/Pods-nibm-events-checkManifestLockResult.txt",
			);
			runOnlyForDeploymentPostprocessing = 0;
			shellPath = /bin/sh;
			shellScript = "diff \"${PODS_PODFILE_DIR_PATH}/Podfile.lock\" \"${PODS_ROOT}/Manifest.lock\" > /dev/null\nif [ $? != 0 ] ; then\n    # print error to STDERR\n    echo \"error: The sandbox is not in sync with the Podfile.lock. Run 'pod install' or update your CocoaPods installation.\" >&2\n    exit 1\nfi\n# This output is used by Xcode 'outputs' to avoid re-running this script phase.\necho \"SUCCESS\" > \"${SCRIPT_OUTPUT_FILE_0}\"\n";
			showEnvVarsInLog = 0;
		};
		A6597C4DF09A55714C0019A3 /* [CP] Embed Pods Frameworks */ = {
			isa = PBXShellScriptBuildPhase;
			buildActionMask = 2147483647;
			files = (
			);
			inputFileListPaths = (
				"${PODS_ROOT}/Target Support Files/Pods-nibm-events/Pods-nibm-events-frameworks-${CONFIGURATION}-input-files.xcfilelist",
			);
			name = "[CP] Embed Pods Frameworks";
			outputFileListPaths = (
				"${PODS_ROOT}/Target Support Files/Pods-nibm-events/Pods-nibm-events-frameworks-${CONFIGURATION}-output-files.xcfilelist",
			);
			runOnlyForDeploymentPostprocessing = 0;
			shellPath = /bin/sh;
			shellScript = "\"${PODS_ROOT}/Target Support Files/Pods-nibm-events/Pods-nibm-events-frameworks.sh\"\n";
			showEnvVarsInLog = 0;
		};
		D6E07BEFD104039D2B010B1C /* [CP] Embed Pods Frameworks */ = {
			isa = PBXShellScriptBuildPhase;
			buildActionMask = 2147483647;
			files = (
			);
			inputFileListPaths = (
				"${PODS_ROOT}/Target Support Files/Pods-nibm-events-nibm-eventsUITests/Pods-nibm-events-nibm-eventsUITests-frameworks-${CONFIGURATION}-input-files.xcfilelist",
			);
			name = "[CP] Embed Pods Frameworks";
			outputFileListPaths = (
				"${PODS_ROOT}/Target Support Files/Pods-nibm-events-nibm-eventsUITests/Pods-nibm-events-nibm-eventsUITests-frameworks-${CONFIGURATION}-output-files.xcfilelist",
			);
			runOnlyForDeploymentPostprocessing = 0;
			shellPath = /bin/sh;
			shellScript = "\"${PODS_ROOT}/Target Support Files/Pods-nibm-events-nibm-eventsUITests/Pods-nibm-events-nibm-eventsUITests-frameworks.sh\"\n";
			showEnvVarsInLog = 0;
		};
		F8DAF4674AF8A9686203E424 /* [CP] Check Pods Manifest.lock */ = {
			isa = PBXShellScriptBuildPhase;
			buildActionMask = 2147483647;
			files = (
			);
			inputFileListPaths = (
			);
			inputPaths = (
				"${PODS_PODFILE_DIR_PATH}/Podfile.lock",
				"${PODS_ROOT}/Manifest.lock",
			);
			name = "[CP] Check Pods Manifest.lock";
			outputFileListPaths = (
			);
			outputPaths = (
				"$(DERIVED_FILE_DIR)/Pods-nibm-eventsTests-checkManifestLockResult.txt",
			);
			runOnlyForDeploymentPostprocessing = 0;
			shellPath = /bin/sh;
			shellScript = "diff \"${PODS_PODFILE_DIR_PATH}/Podfile.lock\" \"${PODS_ROOT}/Manifest.lock\" > /dev/null\nif [ $? != 0 ] ; then\n    # print error to STDERR\n    echo \"error: The sandbox is not in sync with the Podfile.lock. Run 'pod install' or update your CocoaPods installation.\" >&2\n    exit 1\nfi\n# This output is used by Xcode 'outputs' to avoid re-running this script phase.\necho \"SUCCESS\" > \"${SCRIPT_OUTPUT_FILE_0}\"\n";
			showEnvVarsInLog = 0;
		};
/* End PBXShellScriptBuildPhase section */

/* Begin PBXSourcesBuildPhase section */
		709B0A0423FF8C6500488BD2 /* Sources */ = {
			isa = PBXSourcesBuildPhase;
			buildActionMask = 2147483647;
			files = (
				7072CCA0240370FE004F0A58 /* TransitionManager.swift in Sources */,
				70F2C5BE2408074B00529625 /* DateExtension.swift in Sources */,
				70F2C5C02408286500529625 /* MainTabBarController.swift in Sources */,
				70575ECB2402F54C005264E5 /* NECustomSwipButton.swift in Sources */,
				70045621240920350021CB3A /* AddEventViewController.swift in Sources */,
				70575ECF24030690005264E5 /* BioMetricsBlockedViewController.swift in Sources */,
				7072CCB3240416E2004F0A58 /* FieldValidator.swift in Sources */,
				7072CCA224039F96004F0A58 /* AuthManager.swift in Sources */,
				7072CCAE2403A9DE004F0A58 /* DatabaseManager.swift in Sources */,
				70A4BE95240B69A8005A9C55 /* Publisher.swift in Sources */,
				706A22852408F7DC0079E9D0 /* ProfileEditViewController.swift in Sources */,
				70575EC72402E8EC005264E5 /* SignInViewController.swift in Sources */,
				709BD479240673A20032E739 /* UserProfile.swift in Sources */,
				70575EC92402ED37005264E5 /* SignUpViewController.swift in Sources */,
				7072CCB82405965E004F0A58 /* ProfileViewController.swift in Sources */,
				70310BD42402D08C004C81ED /* NEButton.swift in Sources */,
				709BD47B240673AF0032E739 /* Event.swift in Sources */,
				709B0A0E23FF8C6500488BD2 /* InitialViewController.swift in Sources */,
				7016084B240ACECC00DA127A /* UploadType.swift in Sources */,
				70F2C5C62408359A00529625 /* NETextFieldExtension.swift in Sources */,
				709BD47D240674AB0032E739 /* EventHeaderCell.swift in Sources */,
				70A4BE99240B9198005A9C55 /* EditEventViewController.swift in Sources */,
				709B0A0C23FF8C6500488BD2 /* AppDelegate.swift in Sources */,
				70575ECD2402F9E6005264E5 /* ResetPasswordViewController.swift in Sources */,
				706A22812408E1990079E9D0 /* MyEventBodyCell.swift in Sources */,
				7072CCAC2403A652004F0A58 /* HomeTableViewController.swift in Sources */,
				709B0A1423FF8C6500488BD2 /* nibm_events.xcdatamodeld in Sources */,
				706A227F2408E18A0079E9D0 /* MyEventHeaderCell.swift in Sources */,
				70A4BE97240B7EED005A9C55 /* PublisherProfileViewController.swift in Sources */,
				7072CCA62403A06F004F0A58 /* NotificationManager.swift in Sources */,
				70310BD62402D097004C81ED /* NETextField.swift in Sources */,
				70160849240AB76B00DA127A /* UIEffects.swift in Sources */,
				709BD47F240674BF0032E739 /* EventBodyCell.swift in Sources */,
				7072CCB62405964C004F0A58 /* EventsTableViewController.swift in Sources */,
			);
			runOnlyForDeploymentPostprocessing = 0;
		};
		709B0A1B23FF8C6700488BD2 /* Sources */ = {
			isa = PBXSourcesBuildPhase;
			buildActionMask = 2147483647;
			files = (
				709B0A2423FF8C6700488BD2 /* nibm_eventsTests.swift in Sources */,
			);
			runOnlyForDeploymentPostprocessing = 0;
		};
		709B0A2623FF8C6700488BD2 /* Sources */ = {
			isa = PBXSourcesBuildPhase;
			buildActionMask = 2147483647;
			files = (
				709B0A2F23FF8C6700488BD2 /* nibm_eventsUITests.swift in Sources */,
			);
			runOnlyForDeploymentPostprocessing = 0;
		};
/* End PBXSourcesBuildPhase section */

/* Begin PBXTargetDependency section */
		709B0A2123FF8C6700488BD2 /* PBXTargetDependency */ = {
			isa = PBXTargetDependency;
			target = 709B0A0723FF8C6500488BD2 /* nibm-events */;
			targetProxy = 709B0A2023FF8C6700488BD2 /* PBXContainerItemProxy */;
		};
		709B0A2C23FF8C6700488BD2 /* PBXTargetDependency */ = {
			isa = PBXTargetDependency;
			target = 709B0A0723FF8C6500488BD2 /* nibm-events */;
			targetProxy = 709B0A2B23FF8C6700488BD2 /* PBXContainerItemProxy */;
		};
/* End PBXTargetDependency section */

/* Begin PBXVariantGroup section */
		709B0A0F23FF8C6500488BD2 /* Auth.storyboard */ = {
			isa = PBXVariantGroup;
			children = (
				709B0A1023FF8C6500488BD2 /* Base */,
			);
			name = Auth.storyboard;
			sourceTree = "<group>";
		};
		709B0A1723FF8C6700488BD2 /* LaunchScreen.storyboard */ = {
			isa = PBXVariantGroup;
			children = (
				709B0A1823FF8C6700488BD2 /* Base */,
			);
			name = LaunchScreen.storyboard;
			sourceTree = "<group>";
		};
/* End PBXVariantGroup section */

/* Begin XCBuildConfiguration section */
		709B0A3123FF8C6700488BD2 /* Debug */ = {
			isa = XCBuildConfiguration;
			baseConfigurationReference = 709B0A4123FF8E0900488BD2 /* DevConfig.xcconfig */;
			buildSettings = {
				ALWAYS_SEARCH_USER_PATHS = NO;
				CLANG_ANALYZER_NONNULL = YES;
				CLANG_ANALYZER_NUMBER_OBJECT_CONVERSION = YES_AGGRESSIVE;
				CLANG_CXX_LANGUAGE_STANDARD = "gnu++14";
				CLANG_CXX_LIBRARY = "libc++";
				CLANG_ENABLE_MODULES = YES;
				CLANG_ENABLE_OBJC_ARC = YES;
				CLANG_ENABLE_OBJC_WEAK = YES;
				CLANG_WARN_BLOCK_CAPTURE_AUTORELEASING = YES;
				CLANG_WARN_BOOL_CONVERSION = YES;
				CLANG_WARN_COMMA = YES;
				CLANG_WARN_CONSTANT_CONVERSION = YES;
				CLANG_WARN_DEPRECATED_OBJC_IMPLEMENTATIONS = YES;
				CLANG_WARN_DIRECT_OBJC_ISA_USAGE = YES_ERROR;
				CLANG_WARN_DOCUMENTATION_COMMENTS = YES;
				CLANG_WARN_EMPTY_BODY = YES;
				CLANG_WARN_ENUM_CONVERSION = YES;
				CLANG_WARN_INFINITE_RECURSION = YES;
				CLANG_WARN_INT_CONVERSION = YES;
				CLANG_WARN_NON_LITERAL_NULL_CONVERSION = YES;
				CLANG_WARN_OBJC_IMPLICIT_RETAIN_SELF = YES;
				CLANG_WARN_OBJC_LITERAL_CONVERSION = YES;
				CLANG_WARN_OBJC_ROOT_CLASS = YES_ERROR;
				CLANG_WARN_RANGE_LOOP_ANALYSIS = YES;
				CLANG_WARN_STRICT_PROTOTYPES = YES;
				CLANG_WARN_SUSPICIOUS_MOVE = YES;
				CLANG_WARN_UNGUARDED_AVAILABILITY = YES_AGGRESSIVE;
				CLANG_WARN_UNREACHABLE_CODE = YES;
				CLANG_WARN__DUPLICATE_METHOD_MATCH = YES;
				CODE_SIGN_IDENTITY = "iPhone Developer";
				COPY_PHASE_STRIP = NO;
				DEBUG_INFORMATION_FORMAT = dwarf;
				ENABLE_STRICT_OBJC_MSGSEND = YES;
				ENABLE_TESTABILITY = YES;
				GCC_C_LANGUAGE_STANDARD = gnu11;
				GCC_DYNAMIC_NO_PIC = NO;
				GCC_NO_COMMON_BLOCKS = YES;
				GCC_OPTIMIZATION_LEVEL = 0;
				GCC_PREPROCESSOR_DEFINITIONS = (
					"DEBUG=1",
					"$(inherited)",
				);
				GCC_WARN_64_TO_32_BIT_CONVERSION = YES;
				GCC_WARN_ABOUT_RETURN_TYPE = YES_ERROR;
				GCC_WARN_UNDECLARED_SELECTOR = YES;
				GCC_WARN_UNINITIALIZED_AUTOS = YES_AGGRESSIVE;
				GCC_WARN_UNUSED_FUNCTION = YES;
				GCC_WARN_UNUSED_VARIABLE = YES;
				IPHONEOS_DEPLOYMENT_TARGET = 12.4;
				MTL_ENABLE_DEBUG_INFO = INCLUDE_SOURCE;
				MTL_FAST_MATH = YES;
				ONLY_ACTIVE_ARCH = YES;
				SDKROOT = iphoneos;
				SWIFT_ACTIVE_COMPILATION_CONDITIONS = DEBUG;
				SWIFT_OPTIMIZATION_LEVEL = "-Onone";
			};
			name = Debug;
		};
		709B0A3223FF8C6700488BD2 /* Release */ = {
			isa = XCBuildConfiguration;
			baseConfigurationReference = 709B0A4523FF8E2C00488BD2 /* ProdConfig.xcconfig */;
			buildSettings = {
				ALWAYS_SEARCH_USER_PATHS = NO;
				CLANG_ANALYZER_NONNULL = YES;
				CLANG_ANALYZER_NUMBER_OBJECT_CONVERSION = YES_AGGRESSIVE;
				CLANG_CXX_LANGUAGE_STANDARD = "gnu++14";
				CLANG_CXX_LIBRARY = "libc++";
				CLANG_ENABLE_MODULES = YES;
				CLANG_ENABLE_OBJC_ARC = YES;
				CLANG_ENABLE_OBJC_WEAK = YES;
				CLANG_WARN_BLOCK_CAPTURE_AUTORELEASING = YES;
				CLANG_WARN_BOOL_CONVERSION = YES;
				CLANG_WARN_COMMA = YES;
				CLANG_WARN_CONSTANT_CONVERSION = YES;
				CLANG_WARN_DEPRECATED_OBJC_IMPLEMENTATIONS = YES;
				CLANG_WARN_DIRECT_OBJC_ISA_USAGE = YES_ERROR;
				CLANG_WARN_DOCUMENTATION_COMMENTS = YES;
				CLANG_WARN_EMPTY_BODY = YES;
				CLANG_WARN_ENUM_CONVERSION = YES;
				CLANG_WARN_INFINITE_RECURSION = YES;
				CLANG_WARN_INT_CONVERSION = YES;
				CLANG_WARN_NON_LITERAL_NULL_CONVERSION = YES;
				CLANG_WARN_OBJC_IMPLICIT_RETAIN_SELF = YES;
				CLANG_WARN_OBJC_LITERAL_CONVERSION = YES;
				CLANG_WARN_OBJC_ROOT_CLASS = YES_ERROR;
				CLANG_WARN_RANGE_LOOP_ANALYSIS = YES;
				CLANG_WARN_STRICT_PROTOTYPES = YES;
				CLANG_WARN_SUSPICIOUS_MOVE = YES;
				CLANG_WARN_UNGUARDED_AVAILABILITY = YES_AGGRESSIVE;
				CLANG_WARN_UNREACHABLE_CODE = YES;
				CLANG_WARN__DUPLICATE_METHOD_MATCH = YES;
				CODE_SIGN_IDENTITY = "iPhone Developer";
				COPY_PHASE_STRIP = NO;
				DEBUG_INFORMATION_FORMAT = "dwarf-with-dsym";
				ENABLE_NS_ASSERTIONS = NO;
				ENABLE_STRICT_OBJC_MSGSEND = YES;
				GCC_C_LANGUAGE_STANDARD = gnu11;
				GCC_NO_COMMON_BLOCKS = YES;
				GCC_WARN_64_TO_32_BIT_CONVERSION = YES;
				GCC_WARN_ABOUT_RETURN_TYPE = YES_ERROR;
				GCC_WARN_UNDECLARED_SELECTOR = YES;
				GCC_WARN_UNINITIALIZED_AUTOS = YES_AGGRESSIVE;
				GCC_WARN_UNUSED_FUNCTION = YES;
				GCC_WARN_UNUSED_VARIABLE = YES;
				IPHONEOS_DEPLOYMENT_TARGET = 12.4;
				MTL_ENABLE_DEBUG_INFO = NO;
				MTL_FAST_MATH = YES;
				SDKROOT = iphoneos;
				SWIFT_COMPILATION_MODE = wholemodule;
				SWIFT_OPTIMIZATION_LEVEL = "-O";
				VALIDATE_PRODUCT = YES;
			};
			name = Release;
		};
		709B0A3423FF8C6700488BD2 /* Debug */ = {
			isa = XCBuildConfiguration;
			baseConfigurationReference = 709B0A4123FF8E0900488BD2 /* DevConfig.xcconfig */;
			buildSettings = {
				ASSETCATALOG_COMPILER_APPICON_NAME = "$(NE_APP_ICON)";
				CODE_SIGN_STYLE = Automatic;
				DEVELOPMENT_TEAM = F27WR2NMVN;
				INFOPLIST_FILE = "nibm-events/supporting-files/Info.plist";
				IPHONEOS_DEPLOYMENT_TARGET = 11.0;
				LD_RUNPATH_SEARCH_PATHS = (
					"$(inherited)",
					"@executable_path/Frameworks",
				);
				PRODUCT_BUNDLE_IDENTIFIER = "com.aravindakr95.nibm-events.dev";
				PRODUCT_NAME = "$(NE_APP_NAME)";
				SWIFT_VERSION = 5.0;
				TARGETED_DEVICE_FAMILY = 1;
			};
			name = Debug;
		};
		709B0A3523FF8C6700488BD2 /* Release */ = {
			isa = XCBuildConfiguration;
			baseConfigurationReference = 709B0A4523FF8E2C00488BD2 /* ProdConfig.xcconfig */;
			buildSettings = {
				ASSETCATALOG_COMPILER_APPICON_NAME = "$(NE_APP_ICON)";
				CODE_SIGN_STYLE = Automatic;
				DEVELOPMENT_TEAM = F27WR2NMVN;
				INFOPLIST_FILE = "nibm-events/supporting-files/Info.plist";
				IPHONEOS_DEPLOYMENT_TARGET = 11.0;
				LD_RUNPATH_SEARCH_PATHS = (
					"$(inherited)",
					"@executable_path/Frameworks",
				);
				PRODUCT_BUNDLE_IDENTIFIER = "com.aravindakr95.nibm-events.dev";
				PRODUCT_NAME = "$(NE_APP_NAME)";
				SWIFT_VERSION = 5.0;
				TARGETED_DEVICE_FAMILY = 1;
			};
			name = Release;
		};
		709B0A3723FF8C6700488BD2 /* Debug */ = {
			isa = XCBuildConfiguration;
			baseConfigurationReference = F94120AD95B71A1C129B80ED /* Pods-nibm-eventsTests.debug.xcconfig */;
			buildSettings = {
				ALWAYS_EMBED_SWIFT_STANDARD_LIBRARIES = YES;
				BUNDLE_LOADER = "$(TEST_HOST)";
				CODE_SIGN_STYLE = Automatic;
				DEVELOPMENT_TEAM = F27WR2NMVN;
				INFOPLIST_FILE = "nibm-eventsTests/Info.plist";
				LD_RUNPATH_SEARCH_PATHS = (
					"$(inherited)",
					"@executable_path/Frameworks",
					"@loader_path/Frameworks",
				);
				PRODUCT_BUNDLE_IDENTIFIER = "com.aravindakr95.nibm-eventsTests";
				PRODUCT_NAME = "$(TARGET_NAME)";
				SWIFT_VERSION = 5.0;
				TARGETED_DEVICE_FAMILY = "1,2";
				TEST_HOST = "$(BUILT_PRODUCTS_DIR)/nibm-events.app/nibm-events";
			};
			name = Debug;
		};
		709B0A3823FF8C6700488BD2 /* Release */ = {
			isa = XCBuildConfiguration;
			baseConfigurationReference = 80A5530645EC4367DC18712F /* Pods-nibm-eventsTests.release.xcconfig */;
			buildSettings = {
				ALWAYS_EMBED_SWIFT_STANDARD_LIBRARIES = YES;
				BUNDLE_LOADER = "$(TEST_HOST)";
				CODE_SIGN_STYLE = Automatic;
				DEVELOPMENT_TEAM = F27WR2NMVN;
				INFOPLIST_FILE = "nibm-eventsTests/Info.plist";
				LD_RUNPATH_SEARCH_PATHS = (
					"$(inherited)",
					"@executable_path/Frameworks",
					"@loader_path/Frameworks",
				);
				PRODUCT_BUNDLE_IDENTIFIER = "com.aravindakr95.nibm-eventsTests";
				PRODUCT_NAME = "$(TARGET_NAME)";
				SWIFT_VERSION = 5.0;
				TARGETED_DEVICE_FAMILY = "1,2";
				TEST_HOST = "$(BUILT_PRODUCTS_DIR)/nibm-events.app/nibm-events";
			};
			name = Release;
		};
		709B0A3A23FF8C6700488BD2 /* Debug */ = {
			isa = XCBuildConfiguration;
			baseConfigurationReference = 47655BC8589879414A1F3B4E /* Pods-nibm-events-nibm-eventsUITests.debug.xcconfig */;
			buildSettings = {
				ALWAYS_EMBED_SWIFT_STANDARD_LIBRARIES = YES;
				CODE_SIGN_STYLE = Automatic;
				DEVELOPMENT_TEAM = F27WR2NMVN;
				INFOPLIST_FILE = "nibm-eventsUITests/Info.plist";
				LD_RUNPATH_SEARCH_PATHS = (
					"$(inherited)",
					"@executable_path/Frameworks",
					"@loader_path/Frameworks",
				);
				PRODUCT_BUNDLE_IDENTIFIER = "com.aravindakr95.nibm-eventsUITests";
				PRODUCT_NAME = "$(TARGET_NAME)";
				SWIFT_VERSION = 5.0;
				TARGETED_DEVICE_FAMILY = "1,2";
				TEST_TARGET_NAME = "nibm-events";
			};
			name = Debug;
		};
		709B0A3B23FF8C6700488BD2 /* Release */ = {
			isa = XCBuildConfiguration;
			baseConfigurationReference = 0928C6F5CD4236654C686B67 /* Pods-nibm-events-nibm-eventsUITests.release.xcconfig */;
			buildSettings = {
				ALWAYS_EMBED_SWIFT_STANDARD_LIBRARIES = YES;
				CODE_SIGN_STYLE = Automatic;
				DEVELOPMENT_TEAM = F27WR2NMVN;
				INFOPLIST_FILE = "nibm-eventsUITests/Info.plist";
				LD_RUNPATH_SEARCH_PATHS = (
					"$(inherited)",
					"@executable_path/Frameworks",
					"@loader_path/Frameworks",
				);
				PRODUCT_BUNDLE_IDENTIFIER = "com.aravindakr95.nibm-eventsUITests";
				PRODUCT_NAME = "$(TARGET_NAME)";
				SWIFT_VERSION = 5.0;
				TARGETED_DEVICE_FAMILY = "1,2";
				TEST_TARGET_NAME = "nibm-events";
			};
			name = Release;
		};
		709B0A3C23FF8D3700488BD2 /* QA */ = {
			isa = XCBuildConfiguration;
			baseConfigurationReference = 709B0A4323FF8E1E00488BD2 /* QAConfig.xcconfig */;
			buildSettings = {
				ALWAYS_SEARCH_USER_PATHS = NO;
				CLANG_ANALYZER_NONNULL = YES;
				CLANG_ANALYZER_NUMBER_OBJECT_CONVERSION = YES_AGGRESSIVE;
				CLANG_CXX_LANGUAGE_STANDARD = "gnu++14";
				CLANG_CXX_LIBRARY = "libc++";
				CLANG_ENABLE_MODULES = YES;
				CLANG_ENABLE_OBJC_ARC = YES;
				CLANG_ENABLE_OBJC_WEAK = YES;
				CLANG_WARN_BLOCK_CAPTURE_AUTORELEASING = YES;
				CLANG_WARN_BOOL_CONVERSION = YES;
				CLANG_WARN_COMMA = YES;
				CLANG_WARN_CONSTANT_CONVERSION = YES;
				CLANG_WARN_DEPRECATED_OBJC_IMPLEMENTATIONS = YES;
				CLANG_WARN_DIRECT_OBJC_ISA_USAGE = YES_ERROR;
				CLANG_WARN_DOCUMENTATION_COMMENTS = YES;
				CLANG_WARN_EMPTY_BODY = YES;
				CLANG_WARN_ENUM_CONVERSION = YES;
				CLANG_WARN_INFINITE_RECURSION = YES;
				CLANG_WARN_INT_CONVERSION = YES;
				CLANG_WARN_NON_LITERAL_NULL_CONVERSION = YES;
				CLANG_WARN_OBJC_IMPLICIT_RETAIN_SELF = YES;
				CLANG_WARN_OBJC_LITERAL_CONVERSION = YES;
				CLANG_WARN_OBJC_ROOT_CLASS = YES_ERROR;
				CLANG_WARN_RANGE_LOOP_ANALYSIS = YES;
				CLANG_WARN_STRICT_PROTOTYPES = YES;
				CLANG_WARN_SUSPICIOUS_MOVE = YES;
				CLANG_WARN_UNGUARDED_AVAILABILITY = YES_AGGRESSIVE;
				CLANG_WARN_UNREACHABLE_CODE = YES;
				CLANG_WARN__DUPLICATE_METHOD_MATCH = YES;
				CODE_SIGN_IDENTITY = "iPhone Developer";
				COPY_PHASE_STRIP = NO;
				DEBUG_INFORMATION_FORMAT = dwarf;
				ENABLE_STRICT_OBJC_MSGSEND = YES;
				ENABLE_TESTABILITY = YES;
				GCC_C_LANGUAGE_STANDARD = gnu11;
				GCC_DYNAMIC_NO_PIC = NO;
				GCC_NO_COMMON_BLOCKS = YES;
				GCC_OPTIMIZATION_LEVEL = 0;
				GCC_PREPROCESSOR_DEFINITIONS = (
					"DEBUG=1",
					"$(inherited)",
				);
				GCC_WARN_64_TO_32_BIT_CONVERSION = YES;
				GCC_WARN_ABOUT_RETURN_TYPE = YES_ERROR;
				GCC_WARN_UNDECLARED_SELECTOR = YES;
				GCC_WARN_UNINITIALIZED_AUTOS = YES_AGGRESSIVE;
				GCC_WARN_UNUSED_FUNCTION = YES;
				GCC_WARN_UNUSED_VARIABLE = YES;
				IPHONEOS_DEPLOYMENT_TARGET = 12.4;
				MTL_ENABLE_DEBUG_INFO = INCLUDE_SOURCE;
				MTL_FAST_MATH = YES;
				ONLY_ACTIVE_ARCH = YES;
				SDKROOT = iphoneos;
				SWIFT_ACTIVE_COMPILATION_CONDITIONS = DEBUG;
				SWIFT_OPTIMIZATION_LEVEL = "-Onone";
			};
			name = QA;
		};
		709B0A3D23FF8D3700488BD2 /* QA */ = {
			isa = XCBuildConfiguration;
			baseConfigurationReference = 709B0A4323FF8E1E00488BD2 /* QAConfig.xcconfig */;
			buildSettings = {
				ASSETCATALOG_COMPILER_APPICON_NAME = "$(NE_APP_ICON)";
				CODE_SIGN_STYLE = Automatic;
				DEVELOPMENT_TEAM = F27WR2NMVN;
				INFOPLIST_FILE = "nibm-events/supporting-files/Info.plist";
				IPHONEOS_DEPLOYMENT_TARGET = 11.0;
				LD_RUNPATH_SEARCH_PATHS = (
					"$(inherited)",
					"@executable_path/Frameworks",
				);
				PRODUCT_BUNDLE_IDENTIFIER = "com.aravindakr95.nibm-events.dev";
				PRODUCT_NAME = "$(NE_APP_NAME)";
				SWIFT_VERSION = 5.0;
				TARGETED_DEVICE_FAMILY = 1;
			};
			name = QA;
		};
		709B0A3E23FF8D3700488BD2 /* QA */ = {
			isa = XCBuildConfiguration;
			baseConfigurationReference = 48D40409A14E3927F8C55AD3 /* Pods-nibm-eventsTests.qa.xcconfig */;
			buildSettings = {
				ALWAYS_EMBED_SWIFT_STANDARD_LIBRARIES = YES;
				BUNDLE_LOADER = "$(TEST_HOST)";
				CODE_SIGN_STYLE = Automatic;
				DEVELOPMENT_TEAM = F27WR2NMVN;
				INFOPLIST_FILE = "nibm-eventsTests/Info.plist";
				LD_RUNPATH_SEARCH_PATHS = (
					"$(inherited)",
					"@executable_path/Frameworks",
					"@loader_path/Frameworks",
				);
				PRODUCT_BUNDLE_IDENTIFIER = "com.aravindakr95.nibm-eventsTests";
				PRODUCT_NAME = "$(TARGET_NAME)";
				SWIFT_VERSION = 5.0;
				TARGETED_DEVICE_FAMILY = "1,2";
				TEST_HOST = "$(BUILT_PRODUCTS_DIR)/nibm-events.app/nibm-events";
			};
			name = QA;
		};
		709B0A3F23FF8D3700488BD2 /* QA */ = {
			isa = XCBuildConfiguration;
			baseConfigurationReference = A2935335F486DEEEEF6400CE /* Pods-nibm-events-nibm-eventsUITests.qa.xcconfig */;
			buildSettings = {
				ALWAYS_EMBED_SWIFT_STANDARD_LIBRARIES = YES;
				CODE_SIGN_STYLE = Automatic;
				DEVELOPMENT_TEAM = F27WR2NMVN;
				INFOPLIST_FILE = "nibm-eventsUITests/Info.plist";
				LD_RUNPATH_SEARCH_PATHS = (
					"$(inherited)",
					"@executable_path/Frameworks",
					"@loader_path/Frameworks",
				);
				PRODUCT_BUNDLE_IDENTIFIER = "com.aravindakr95.nibm-eventsUITests";
				PRODUCT_NAME = "$(TARGET_NAME)";
				SWIFT_VERSION = 5.0;
				TARGETED_DEVICE_FAMILY = "1,2";
				TEST_TARGET_NAME = "nibm-events";
			};
			name = QA;
		};
/* End XCBuildConfiguration section */

/* Begin XCConfigurationList section */
		709B0A0323FF8C6500488BD2 /* Build configuration list for PBXProject "nibm-events" */ = {
			isa = XCConfigurationList;
			buildConfigurations = (
				709B0A3123FF8C6700488BD2 /* Debug */,
				709B0A3C23FF8D3700488BD2 /* QA */,
				709B0A3223FF8C6700488BD2 /* Release */,
			);
			defaultConfigurationIsVisible = 0;
			defaultConfigurationName = Release;
		};
		709B0A3323FF8C6700488BD2 /* Build configuration list for PBXNativeTarget "nibm-events" */ = {
			isa = XCConfigurationList;
			buildConfigurations = (
				709B0A3423FF8C6700488BD2 /* Debug */,
				709B0A3D23FF8D3700488BD2 /* QA */,
				709B0A3523FF8C6700488BD2 /* Release */,
			);
			defaultConfigurationIsVisible = 0;
			defaultConfigurationName = Release;
		};
		709B0A3623FF8C6700488BD2 /* Build configuration list for PBXNativeTarget "nibm-eventsTests" */ = {
			isa = XCConfigurationList;
			buildConfigurations = (
				709B0A3723FF8C6700488BD2 /* Debug */,
				709B0A3E23FF8D3700488BD2 /* QA */,
				709B0A3823FF8C6700488BD2 /* Release */,
			);
			defaultConfigurationIsVisible = 0;
			defaultConfigurationName = Release;
		};
		709B0A3923FF8C6700488BD2 /* Build configuration list for PBXNativeTarget "nibm-eventsUITests" */ = {
			isa = XCConfigurationList;
			buildConfigurations = (
				709B0A3A23FF8C6700488BD2 /* Debug */,
				709B0A3F23FF8D3700488BD2 /* QA */,
				709B0A3B23FF8C6700488BD2 /* Release */,
			);
			defaultConfigurationIsVisible = 0;
			defaultConfigurationName = Release;
		};
/* End XCConfigurationList section */

/* Begin XCVersionGroup section */
		709B0A1223FF8C6500488BD2 /* nibm_events.xcdatamodeld */ = {
			isa = XCVersionGroup;
			children = (
				709B0A1323FF8C6500488BD2 /* nibm_events.xcdatamodel */,
			);
			currentVersion = 709B0A1323FF8C6500488BD2 /* nibm_events.xcdatamodel */;
			path = nibm_events.xcdatamodeld;
			sourceTree = "<group>";
			versionGroupType = wrapper.xcdatamodel;
		};
/* End XCVersionGroup section */
	};
	rootObject = 709B0A0023FF8C6500488BD2 /* Project object */;
}
